
Microsoft Visual Studio Solution File, Format Version 12.00
# Visual Studio Version 17
VisualStudioVersion = 17.14.36127.28 d17.14
MinimumVisualStudioVersion = 10.0.40219.1
Project("{FAE04EC0-301F-11D3-BF4B-00C04F79EFBC}") = "ima-be", "ima-be.csproj", "{981F084A-B974-445E-9AD9-20DB8F262F89}"
EndProject
Global
	GlobalSection(SolutionConfigurationPlatforms) = preSolution
		Debug|Any CPU = Debug|Any CPU
		Release|Any CPU = Release|Any CPU
	EndGlobalSection
	GlobalSection(ProjectConfigurationPlatforms) = postSolution
		{981F084A-B974-445E-9AD9-20DB8F262F89}.Debug|Any CPU.ActiveCfg = Debug|Any CPU
		{981F084A-B974-445E-9AD9-20DB8F262F89}.Debug|Any CPU.Build.0 = Debug|Any CPU
		{981F084A-B974-445E-9AD9-20DB8F262F89}.Release|Any CPU.ActiveCfg = Release|Any CPU
		{981F084A-B974-445E-9AD9-20DB8F262F89}.Release|Any CPU.Build.0 = Release|Any CPU
	EndGlobalSection
	GlobalSection(SolutionProperties) = preSolution
		HideSolutionNode = FALSE
	EndGlobalSection
	GlobalSection(ExtensibilityGlobals) = postSolution
		SolutionGuid = {2E7269AE-78CF-40FD-943C-69CB2E4F2C5B}
	EndGlobalSection
EndGlobal
